// !$*UTF8*$!
{
	archiveVersion = 1;
	classes = {
	};
	objectVersion = 55;
	objects = {

/* Begin PBXBuildFile section */
		225F17C120857638020C141D /* Pods_Task_List.framework in Frameworks */ = {isa = PBXBuildFile; fileRef = 86079CA350FC8D07E5136136 /* Pods_Task_List.framework */; };
		F018FC6E27D65F640095FC42 /* UpdateView.swift in Sources */ = {isa = PBXBuildFile; fileRef = F018FC6D27D65F640095FC42 /* UpdateView.swift */; };
		F018FC7027D67CA90095FC42 /* CardView.swift in Sources */ = {isa = PBXBuildFile; fileRef = F018FC6F27D67CA90095FC42 /* CardView.swift */; };
		F018FC8C27D79F700095FC42 /* OptionsView.swift in Sources */ = {isa = PBXBuildFile; fileRef = F018FC8B27D79F700095FC42 /* OptionsView.swift */; };
		F018FC8E27D7EF490095FC42 /* TaskViewModel.swift in Sources */ = {isa = PBXBuildFile; fileRef = F018FC8D27D7EF490095FC42 /* TaskViewModel.swift */; };
		F018FC9027D7EF830095FC42 /* repo.swift in Sources */ = {isa = PBXBuildFile; fileRef = F018FC8F27D7EF830095FC42 /* repo.swift */; };
		F0C56C5D27CFAC0D0045A6A8 /* Task_ListApp.swift in Sources */ = {isa = PBXBuildFile; fileRef = F0C56C5C27CFAC0D0045A6A8 /* Task_ListApp.swift */; };
		F0C56C6127CFAC0F0045A6A8 /* Assets.xcassets in Resources */ = {isa = PBXBuildFile; fileRef = F0C56C6027CFAC0F0045A6A8 /* Assets.xcassets */; };
		F0C56C6427CFAC0F0045A6A8 /* Preview Assets.xcassets in Resources */ = {isa = PBXBuildFile; fileRef = F0C56C6327CFAC0F0045A6A8 /* Preview Assets.xcassets */; };
		F0C56C6B27CFAC8C0045A6A8 /* TaskModel.swift in Sources */ = {isa = PBXBuildFile; fileRef = F0C56C6A27CFAC8C0045A6A8 /* TaskModel.swift */; };
		F0C56C6D27CFB6C30045A6A8 /* TaskView.swift in Sources */ = {isa = PBXBuildFile; fileRef = F0C56C6C27CFB6C30045A6A8 /* TaskView.swift */; };
/* End PBXBuildFile section */

/* Begin PBXFileReference section */
		86079CA350FC8D07E5136136 /* Pods_Task_List.framework */ = {isa = PBXFileReference; explicitFileType = wrapper.framework; includeInIndex = 0; path = Pods_Task_List.framework; sourceTree = BUILT_PRODUCTS_DIR; };
		96F26B3F5A199D49CD848A23 /* Pods-Task List.debug.xcconfig */ = {isa = PBXFileReference; includeInIndex = 1; lastKnownFileType = text.xcconfig; name = "Pods-Task List.debug.xcconfig"; path = "Target Support Files/Pods-Task List/Pods-Task List.debug.xcconfig"; sourceTree = "<group>"; };
		ED82548C1D5FC849712339D4 /* Pods-Task List.release.xcconfig */ = {isa = PBXFileReference; includeInIndex = 1; lastKnownFileType = text.xcconfig; name = "Pods-Task List.release.xcconfig"; path = "Target Support Files/Pods-Task List/Pods-Task List.release.xcconfig"; sourceTree = "<group>"; };
		F018FC6D27D65F640095FC42 /* UpdateView.swift */ = {isa = PBXFileReference; lastKnownFileType = sourcecode.swift; path = UpdateView.swift; sourceTree = "<group>"; };
		F018FC6F27D67CA90095FC42 /* CardView.swift */ = {isa = PBXFileReference; lastKnownFileType = sourcecode.swift; path = CardView.swift; sourceTree = "<group>"; };
		F018FC8B27D79F700095FC42 /* OptionsView.swift */ = {isa = PBXFileReference; lastKnownFileType = sourcecode.swift; path = OptionsView.swift; sourceTree = "<group>"; };
		F018FC8D27D7EF490095FC42 /* TaskViewModel.swift */ = {isa = PBXFileReference; lastKnownFileType = sourcecode.swift; path = TaskViewModel.swift; sourceTree = "<group>"; };
		F018FC8F27D7EF830095FC42 /* repo.swift */ = {isa = PBXFileReference; lastKnownFileType = sourcecode.swift; path = repo.swift; sourceTree = "<group>"; };
		F0C56C5927CFAC0D0045A6A8 /* Task List.app */ = {isa = PBXFileReference; explicitFileType = wrapper.application; includeInIndex = 0; path = "Task List.app"; sourceTree = BUILT_PRODUCTS_DIR; };
		F0C56C5C27CFAC0D0045A6A8 /* Task_ListApp.swift */ = {isa = PBXFileReference; lastKnownFileType = sourcecode.swift; path = Task_ListApp.swift; sourceTree = "<group>"; };
		F0C56C6027CFAC0F0045A6A8 /* Assets.xcassets */ = {isa = PBXFileReference; lastKnownFileType = folder.assetcatalog; path = Assets.xcassets; sourceTree = "<group>"; };
		F0C56C6327CFAC0F0045A6A8 /* Preview Assets.xcassets */ = {isa = PBXFileReference; lastKnownFileType = folder.assetcatalog; path = "Preview Assets.xcassets"; sourceTree = "<group>"; };
		F0C56C6A27CFAC8C0045A6A8 /* TaskModel.swift */ = {isa = PBXFileReference; lastKnownFileType = sourcecode.swift; path = TaskModel.swift; sourceTree = "<group>"; };
		F0C56C6C27CFB6C30045A6A8 /* TaskView.swift */ = {isa = PBXFileReference; lastKnownFileType = sourcecode.swift; path = TaskView.swift; sourceTree = "<group>"; };
/* End PBXFileReference section */

/* Begin PBXFrameworksBuildPhase section */
		F0C56C5627CFAC0D0045A6A8 /* Frameworks */ = {
			isa = PBXFrameworksBuildPhase;
			buildActionMask = 2147483647;
			files = (
				225F17C120857638020C141D /* Pods_Task_List.framework in Frameworks */,
			);
			runOnlyForDeploymentPostprocessing = 0;
		};
/* End PBXFrameworksBuildPhase section */

/* Begin PBXGroup section */
		A167DCDFE2E54049334B8371 /* Frameworks */ = {
			isa = PBXGroup;
			children = (
				86079CA350FC8D07E5136136 /* Pods_Task_List.framework */,
			);
			name = Frameworks;
			sourceTree = "<group>";
		};
		B5E2FA3093F7B4AB7BFEDB20 /* Pods */ = {
			isa = PBXGroup;
			children = (
				96F26B3F5A199D49CD848A23 /* Pods-Task List.debug.xcconfig */,
				ED82548C1D5FC849712339D4 /* Pods-Task List.release.xcconfig */,
			);
			path = Pods;
			sourceTree = "<group>";
		};
		F018FC5027D1444C0095FC42 /* View */ = {
			isa = PBXGroup;
			children = (
				F0C56C6C27CFB6C30045A6A8 /* TaskView.swift */,
				F018FC8B27D79F700095FC42 /* OptionsView.swift */,
				F018FC6D27D65F640095FC42 /* UpdateView.swift */,
				F018FC6F27D67CA90095FC42 /* CardView.swift */,
			);
			path = View;
			sourceTree = "<group>";
		};
		F018FC5127D144560095FC42 /* Model */ = {
			isa = PBXGroup;
			children = (
				F0C56C6A27CFAC8C0045A6A8 /* TaskModel.swift */,
				F018FC8F27D7EF830095FC42 /* repo.swift */,
			);
			path = Model;
			sourceTree = "<group>";
		};
		F018FC5227D144600095FC42 /* ViewModel */ = {
			isa = PBXGroup;
			children = (
				F018FC8D27D7EF490095FC42 /* TaskViewModel.swift */,
			);
			path = ViewModel;
			sourceTree = "<group>";
		};
		F0C56C5027CFAC0D0045A6A8 = {
			isa = PBXGroup;
			children = (
				F0C56C5B27CFAC0D0045A6A8 /* Task List */,
				F0C56C5A27CFAC0D0045A6A8 /* Products */,
				B5E2FA3093F7B4AB7BFEDB20 /* Pods */,
				A167DCDFE2E54049334B8371 /* Frameworks */,
			);
			sourceTree = "<group>";
		};
		F0C56C5A27CFAC0D0045A6A8 /* Products */ = {
			isa = PBXGroup;
			children = (
				F0C56C5927CFAC0D0045A6A8 /* Task List.app */,
			);
			name = Products;
			sourceTree = "<group>";
		};
		F0C56C5B27CFAC0D0045A6A8 /* Task List */ = {
			isa = PBXGroup;
			children = (
				F018FC5227D144600095FC42 /* ViewModel */,
				F018FC5127D144560095FC42 /* Model */,
				F018FC5027D1444C0095FC42 /* View */,
				F0C56C5C27CFAC0D0045A6A8 /* Task_ListApp.swift */,
				F0C56C6027CFAC0F0045A6A8 /* Assets.xcassets */,
				F0C56C6227CFAC0F0045A6A8 /* Preview Content */,
			);
			path = "Task List";
			sourceTree = "<group>";
		};
		F0C56C6227CFAC0F0045A6A8 /* Preview Content */ = {
			isa = PBXGroup;
			children = (
				F0C56C6327CFAC0F0045A6A8 /* Preview Assets.xcassets */,
			);
			path = "Preview Content";
			sourceTree = "<group>";
		};
/* End PBXGroup section */

/* Begin PBXNativeTarget section */
		F0C56C5827CFAC0D0045A6A8 /* Task List */ = {
			isa = PBXNativeTarget;
			buildConfigurationList = F0C56C6727CFAC0F0045A6A8 /* Build configuration list for PBXNativeTarget "Task List" */;
			buildPhases = (
				5AF7A66984A96B9E53DB7DA7 /* [CP] Check Pods Manifest.lock */,
				F0C56C5527CFAC0D0045A6A8 /* Sources */,
				F0C56C5627CFAC0D0045A6A8 /* Frameworks */,
				F0C56C5727CFAC0D0045A6A8 /* Resources */,
				AC9A49DD4FBBA692BE8E2AC2 /* [CP] Embed Pods Frameworks */,
			);
			buildRules = (
			);
			dependencies = (
			);
			name = "Task List";
			productName = "Task List";
			productReference = F0C56C5927CFAC0D0045A6A8 /* Task List.app */;
			productType = "com.apple.product-type.application";
		};
/* End PBXNativeTarget section */

/* Begin PBXProject section */
		F0C56C5127CFAC0D0045A6A8 /* Project object */ = {
			isa = PBXProject;
			attributes = {
				BuildIndependentTargetsInParallel = 1;
				LastSwiftUpdateCheck = 1320;
				LastUpgradeCheck = 1320;
				TargetAttributes = {
					F0C56C5827CFAC0D0045A6A8 = {
						CreatedOnToolsVersion = 13.2.1;
					};
				};
			};
			buildConfigurationList = F0C56C5427CFAC0D0045A6A8 /* Build configuration list for PBXProject "Task List" */;
			compatibilityVersion = "Xcode 13.0";
			developmentRegion = en;
			hasScannedForEncodings = 0;
			knownRegions = (
				en,
				Base,
			);
			mainGroup = F0C56C5027CFAC0D0045A6A8;
			productRefGroup = F0C56C5A27CFAC0D0045A6A8 /* Products */;
			projectDirPath = "";
			projectRoot = "";
			targets = (
				F0C56C5827CFAC0D0045A6A8 /* Task List */,
			);
		};
/* End PBXProject section */

/* Begin PBXResourcesBuildPhase section */
		F0C56C5727CFAC0D0045A6A8 /* Resources */ = {
			isa = PBXResourcesBuildPhase;
			buildActionMask = 2147483647;
			files = (
				F0C56C6427CFAC0F0045A6A8 /* Preview Assets.xcassets in Resources */,
				F0C56C6127CFAC0F0045A6A8 /* Assets.xcassets in Resources */,
			);
			runOnlyForDeploymentPostprocessing = 0;
		};
/* End PBXResourcesBuildPhase section */

/* Begin PBXShellScriptBuildPhase section */
		5AF7A66984A96B9E53DB7DA7 /* [CP] Check Pods Manifest.lock */ = {
			isa = PBXShellScriptBuildPhase;
			buildActionMask = 2147483647;
			files = (
			);
			inputFileListPaths = (
			);
			inputPaths = (
				"${PODS_PODFILE_DIR_PATH}/Podfile.lock",
				"${PODS_ROOT}/Manifest.lock",
			);
			name = "[CP] Check Pods Manifest.lock";
			outputFileListPaths = (
			);
			outputPaths = (
				"$(DERIVED_FILE_DIR)/Pods-Task List-checkManifestLockResult.txt",
			);
			runOnlyForDeploymentPostprocessing = 0;
			shellPath = /bin/sh;
			shellScript = "diff \"${PODS_PODFILE_DIR_PATH}/Podfile.lock\" \"${PODS_ROOT}/Manifest.lock\" > /dev/null\nif [ $? != 0 ] ; then\n    # print error to STDERR\n    echo \"error: The sandbox is not in sync with the Podfile.lock. Run 'pod install' or update your CocoaPods installation.\" >&2\n    exit 1\nfi\n# This output is used by Xcode 'outputs' to avoid re-running this script phase.\necho \"SUCCESS\" > \"${SCRIPT_OUTPUT_FILE_0}\"\n";
			showEnvVarsInLog = 0;
		};
		AC9A49DD4FBBA692BE8E2AC2 /* [CP] Embed Pods Frameworks */ = {
			isa = PBXShellScriptBuildPhase;
			buildActionMask = 2147483647;
			files = (
			);
			inputFileListPaths = (
				"${PODS_ROOT}/Target Support Files/Pods-Task List/Pods-Task List-frameworks-${CONFIGURATION}-input-files.xcfilelist",
			);
			name = "[CP] Embed Pods Frameworks";
			outputFileListPaths = (
				"${PODS_ROOT}/Target Support Files/Pods-Task List/Pods-Task List-frameworks-${CONFIGURATION}-output-files.xcfilelist",
			);
			runOnlyForDeploymentPostprocessing = 0;
			shellPath = /bin/sh;
			shellScript = "\"${PODS_ROOT}/Target Support Files/Pods-Task List/Pods-Task List-frameworks.sh\"\n";
			showEnvVarsInLog = 0;
		};
/* End PBXShellScriptBuildPhase section */

/* Begin PBXSourcesBuildPhase section */
		F0C56C5527CFAC0D0045A6A8 /* Sources */ = {
			isa = PBXSourcesBuildPhase;
			buildActionMask = 2147483647;
			files = (
				F0C56C6B27CFAC8C0045A6A8 /* TaskModel.swift in Sources */,
				F018FC8E27D7EF490095FC42 /* TaskViewModel.swift in Sources */,
				F0C56C6D27CFB6C30045A6A8 /* TaskView.swift in Sources */,
				F018FC9027D7EF830095FC42 /* repo.swift in Sources */,
				F018FC7027D67CA90095FC42 /* CardView.swift in Sources */,
				F018FC8C27D79F700095FC42 /* OptionsView.swift in Sources */,
				F0C56C5D27CFAC0D0045A6A8 /* Task_ListApp.swift in Sources */,
				F018FC6E27D65F640095FC42 /* UpdateView.swift in Sources */,
			);
			runOnlyForDeploymentPostprocessing = 0;
		};
/* End PBXSourcesBuildPhase section */

/* Begin XCBuildConfiguration section */
		F0C56C6527CFAC0F0045A6A8 /* Debug */ = {
			isa = XCBuildConfiguration;
			buildSettings = {
				ALWAYS_SEARCH_USER_PATHS = NO;
				CLANG_ANALYZER_NONNULL = YES;
				CLANG_ANALYZER_NUMBER_OBJECT_CONVERSION = YES_AGGRESSIVE;
				CLANG_CXX_LANGUAGE_STANDARD = "gnu++17";
				CLANG_CXX_LIBRARY = "libc++";
				CLANG_ENABLE_MODULES = YES;
				CLANG_ENABLE_OBJC_ARC = YES;
				CLANG_ENABLE_OBJC_WEAK = YES;
				CLANG_WARN_BLOCK_CAPTURE_AUTORELEASING = YES;
				CLANG_WARN_BOOL_CONVERSION = YES;
				CLANG_WARN_COMMA = YES;
				CLANG_WARN_CONSTANT_CONVERSION = YES;
				CLANG_WARN_DEPRECATED_OBJC_IMPLEMENTATIONS = YES;
				CLANG_WARN_DIRECT_OBJC_ISA_USAGE = YES_ERROR;
				CLANG_WARN_DOCUMENTATION_COMMENTS = YES;
				CLANG_WARN_EMPTY_BODY = YES;
				CLANG_WARN_ENUM_CONVERSION = YES;
				CLANG_WARN_INFINITE_RECURSION = YES;
				CLANG_WARN_INT_CONVERSION = YES;
				CLANG_WARN_NON_LITERAL_NULL_CONVERSION = YES;
				CLANG_WARN_OBJC_IMPLICIT_RETAIN_SELF = YES;
				CLANG_WARN_OBJC_LITERAL_CONVERSION = YES;
				CLANG_WARN_OBJC_ROOT_CLASS = YES_ERROR;
				CLANG_WARN_QUOTED_INCLUDE_IN_FRAMEWORK_HEADER = YES;
				CLANG_WARN_RANGE_LOOP_ANALYSIS = YES;
				CLANG_WARN_STRICT_PROTOTYPES = YES;
				CLANG_WARN_SUSPICIOUS_MOVE = YES;
				CLANG_WARN_UNGUARDED_AVAILABILITY = YES_AGGRESSIVE;
				CLANG_WARN_UNREACHABLE_CODE = YES;
				CLANG_WARN__DUPLICATE_METHOD_MATCH = YES;
				COPY_PHASE_STRIP = NO;
				DEBUG_INFORMATION_FORMAT = dwarf;
				ENABLE_STRICT_OBJC_MSGSEND = YES;
				ENABLE_TESTABILITY = YES;
				GCC_C_LANGUAGE_STANDARD = gnu11;
				GCC_DYNAMIC_NO_PIC = NO;
				GCC_NO_COMMON_BLOCKS = YES;
				GCC_OPTIMIZATION_LEVEL = 0;
				GCC_PREPROCESSOR_DEFINITIONS = (
					"DEBUG=1",
					"$(inherited)",
				);
				GCC_WARN_64_TO_32_BIT_CONVERSION = YES;
				GCC_WARN_ABOUT_RETURN_TYPE = YES_ERROR;
				GCC_WARN_UNDECLARED_SELECTOR = YES;
				GCC_WARN_UNINITIALIZED_AUTOS = YES_AGGRESSIVE;
				GCC_WARN_UNUSED_FUNCTION = YES;
				GCC_WARN_UNUSED_VARIABLE = YES;
				IPHONEOS_DEPLOYMENT_TARGET = 15.2;
				MTL_ENABLE_DEBUG_INFO = INCLUDE_SOURCE;
				MTL_FAST_MATH = YES;
				ONLY_ACTIVE_ARCH = YES;
				SDKROOT = iphoneos;
				SWIFT_ACTIVE_COMPILATION_CONDITIONS = DEBUG;
				SWIFT_OPTIMIZATION_LEVEL = "-Onone";
			};
			name = Debug;
		};
		F0C56C6627CFAC0F0045A6A8 /* Release */ = {
			isa = XCBuildConfiguration;
			buildSettings = {
				ALWAYS_SEARCH_USER_PATHS = NO;
				CLANG_ANALYZER_NONNULL = YES;
				CLANG_ANALYZER_NUMBER_OBJECT_CONVERSION = YES_AGGRESSIVE;
				CLANG_CXX_LANGUAGE_STANDARD = "gnu++17";
				CLANG_CXX_LIBRARY = "libc++";
				CLANG_ENABLE_MODULES = YES;
				CLANG_ENABLE_OBJC_ARC = YES;
				CLANG_ENABLE_OBJC_WEAK = YES;
				CLANG_WARN_BLOCK_CAPTURE_AUTORELEASING = YES;
				CLANG_WARN_BOOL_CONVERSION = YES;
				CLANG_WARN_COMMA = YES;
				CLANG_WARN_CONSTANT_CONVERSION = YES;
				CLANG_WARN_DEPRECATED_OBJC_IMPLEMENTATIONS = YES;
				CLANG_WARN_DIRECT_OBJC_ISA_USAGE = YES_ERROR;
				CLANG_WARN_DOCUMENTATION_COMMENTS = YES;
				CLANG_WARN_EMPTY_BODY = YES;
				CLANG_WARN_ENUM_CONVERSION = YES;
				CLANG_WARN_INFINITE_RECURSION = YES;
				CLANG_WARN_INT_CONVERSION = YES;
				CLANG_WARN_NON_LITERAL_NULL_CONVERSION = YES;
				CLANG_WARN_OBJC_IMPLICIT_RETAIN_SELF = YES;
				CLANG_WARN_OBJC_LITERAL_CONVERSION = YES;
				CLANG_WARN_OBJC_ROOT_CLASS = YES_ERROR;
				CLANG_WARN_QUOTED_INCLUDE_IN_FRAMEWORK_HEADER = YES;
				CLANG_WARN_RANGE_LOOP_ANALYSIS = YES;
				CLANG_WARN_STRICT_PROTOTYPES = YES;
				CLANG_WARN_SUSPICIOUS_MOVE = YES;
				CLANG_WARN_UNGUARDED_AVAILABILITY = YES_AGGRESSIVE;
				CLANG_WARN_UNREACHABLE_CODE = YES;
				CLANG_WARN__DUPLICATE_METHOD_MATCH = YES;
				COPY_PHASE_STRIP = NO;
				DEBUG_INFORMATION_FORMAT = "dwarf-with-dsym";
				ENABLE_NS_ASSERTIONS = NO;
				ENABLE_STRICT_OBJC_MSGSEND = YES;
				GCC_C_LANGUAGE_STANDARD = gnu11;
				GCC_NO_COMMON_BLOCKS = YES;
				GCC_WARN_64_TO_32_BIT_CONVERSION = YES;
				GCC_WARN_ABOUT_RETURN_TYPE = YES_ERROR;
				GCC_WARN_UNDECLARED_SELECTOR = YES;
				GCC_WARN_UNINITIALIZED_AUTOS = YES_AGGRESSIVE;
				GCC_WARN_UNUSED_FUNCTION = YES;
				GCC_WARN_UNUSED_VARIABLE = YES;
				IPHONEOS_DEPLOYMENT_TARGET = 15.2;
				MTL_ENABLE_DEBUG_INFO = NO;
				MTL_FAST_MATH = YES;
				SDKROOT = iphoneos;
				SWIFT_COMPILATION_MODE = wholemodule;
				SWIFT_OPTIMIZATION_LEVEL = "-O";
				VALIDATE_PRODUCT = YES;
			};
			name = Release;
		};
		F0C56C6827CFAC0F0045A6A8 /* Debug */ = {
			isa = XCBuildConfiguration;
			baseConfigurationReference = 96F26B3F5A199D49CD848A23 /* Pods-Task List.debug.xcconfig */;
			buildSettings = {
				ASSETCATALOG_COMPILER_APPICON_NAME = AppIcon;
				ASSETCATALOG_COMPILER_GLOBAL_ACCENT_COLOR_NAME = AccentColor;
				CODE_SIGN_STYLE = Automatic;
				CURRENT_PROJECT_VERSION = 1;
				DEVELOPMENT_ASSET_PATHS = "\"Task List/Preview Content\"";
				DEVELOPMENT_TEAM = F8KW84Y7M6;
				ENABLE_PREVIEWS = YES;
				GENERATE_INFOPLIST_FILE = YES;
				INFOPLIST_KEY_UIApplicationSceneManifest_Generation = YES;
				INFOPLIST_KEY_UIApplicationSupportsIndirectInputEvents = YES;
				INFOPLIST_KEY_UILaunchScreen_Generation = YES;
				INFOPLIST_KEY_UISupportedInterfaceOrientations_iPad = "UIInterfaceOrientationPortrait UIInterfaceOrientationPortraitUpsideDown UIInterfaceOrientationLandscapeLeft UIInterfaceOrientationLandscapeRight";
				INFOPLIST_KEY_UISupportedInterfaceOrientations_iPhone = "UIInterfaceOrientationPortrait UIInterfaceOrientationLandscapeLeft UIInterfaceOrientationLandscapeRight";
				INFOPLIST_KEY_UIUserInterfaceStyle = Dark;
				LD_RUNPATH_SEARCH_PATHS = (
					"$(inherited)",
					"@executable_path/Frameworks",
				);
				MARKETING_VERSION = 1.0;
				PRODUCT_BUNDLE_IDENTIFIER = "Personal.Task-List";
				PRODUCT_NAME = "$(TARGET_NAME)";
				SWIFT_EMIT_LOC_STRINGS = YES;
				SWIFT_VERSION = 5.0;
				TARGETED_DEVICE_FAMILY = "1,2";
			};
			name = Debug;
		};
		F0C56C6927CFAC0F0045A6A8 /* Release */ = {
			isa = XCBuildConfiguration;
			baseConfigurationReference = ED82548C1D5FC849712339D4 /* Pods-Task List.release.xcconfig */;
			buildSettings = {
				ASSETCATALOG_COMPILER_APPICON_NAME = AppIcon;
				ASSETCATALOG_COMPILER_GLOBAL_ACCENT_COLOR_NAME = AccentColor;
				CODE_SIGN_STYLE = Automatic;
				CURRENT_PROJECT_VERSION = 1;
				DEVELOPMENT_ASSET_PATHS = "\"Task List/Preview Content\"";
				DEVELOPMENT_TEAM = F8KW84Y7M6;
				ENABLE_PREVIEWS = YES;
				GENERATE_INFOPLIST_FILE = YES;
				INFOPLIST_KEY_UIApplicationSceneManifest_Generation = YES;
				INFOPLIST_KEY_UIApplicationSupportsIndirectInputEvents = YES;
				INFOPLIST_KEY_UILaunchScreen_Generation = YES;
				INFOPLIST_KEY_UISupportedInterfaceOrientations_iPad = "UIInterfaceOrientationPortrait UIInterfaceOrientationPortraitUpsideDown UIInterfaceOrientationLandscapeLeft UIInterfaceOrientationLandscapeRight";
				INFOPLIST_KEY_UISupportedInterfaceOrientations_iPhone = "UIInterfaceOrientationPortrait UIInterfaceOrientationLandscapeLeft UIInterfaceOrientationLandscapeRight";
				INFOPLIST_KEY_UIUserInterfaceStyle = Dark;
				LD_RUNPATH_SEARCH_PATHS = (
					"$(inherited)",
					"@executable_path/Frameworks",
				);
				MARKETING_VERSION = 1.0;
				PRODUCT_BUNDLE_IDENTIFIER = "Personal.Task-List";
				PRODUCT_NAME = "$(TARGET_NAME)";
				SWIFT_EMIT_LOC_STRINGS = YES;
				SWIFT_VERSION = 5.0;
				TARGETED_DEVICE_FAMILY = "1,2";
			};
			name = Release;
		};
/* End XCBuildConfiguration section */

/* Begin XCConfigurationList section */
		F0C56C5427CFAC0D0045A6A8 /* Build configuration list for PBXProject "Task List" */ = {
			isa = XCConfigurationList;
			buildConfigurations = (
				F0C56C6527CFAC0F0045A6A8 /* Debug */,
				F0C56C6627CFAC0F0045A6A8 /* Release */,
			);
			defaultConfigurationIsVisible = 0;
			defaultConfigurationName = Release;
		};
		F0C56C6727CFAC0F0045A6A8 /* Build configuration list for PBXNativeTarget "Task List" */ = {
			isa = XCConfigurationList;
			buildConfigurations = (
				F0C56C6827CFAC0F0045A6A8 /* Debug */,
				F0C56C6927CFAC0F0045A6A8 /* Release */,
			);
			defaultConfigurationIsVisible = 0;
			defaultConfigurationName = Release;
		};
/* End XCConfigurationList section */
	};
	rootObject = F0C56C5127CFAC0D0045A6A8 /* Project object */;
}
